
Microsoft Visual Studio Solution File, Format Version 12.00
# Visual Studio Version 16
VisualStudioVersion = 16.0.30503.244
MinimumVisualStudioVersion = 10.0.40219.1
Project("{FAE04EC0-301F-11D3-BF4B-00C04F79EFBC}") = "PizzaMario", "PizzaMario.csproj", "{1C87CBB1-3CC4-4C55-9DAE-DA16B2E62566}"
EndProject
Global
	GlobalSection(SolutionConfigurationPlatforms) = preSolution
		Debug|Any CPU = Debug|Any CPU
		Release|Any CPU = Release|Any CPU
	EndGlobalSection
	GlobalSection(ProjectConfigurationPlatforms) = postSolution
		{1C87CBB1-3CC4-4C55-9DAE-DA16B2E62566}.Debug|Any CPU.ActiveCfg = Debug|Any CPU
		{1C87CBB1-3CC4-4C55-9DAE-DA16B2E62566}.Debug|Any CPU.Build.0 = Debug|Any CPU
		{1C87CBB1-3CC4-4C55-9DAE-DA16B2E62566}.Release|Any CPU.ActiveCfg = Release|Any CPU
		{1C87CBB1-3CC4-4C55-9DAE-DA16B2E62566}.Release|Any CPU.Build.0 = Release|Any CPU
	EndGlobalSection
	GlobalSection(SolutionProperties) = preSolution
		HideSolutionNode = FALSE
	EndGlobalSection
	GlobalSection(ExtensibilityGlobals) = postSolution
		SolutionGuid = {7C31BA0C-AADF-45A6-9E5D-404894719EFD}
	EndGlobalSection
EndGlobal
